
Microsoft Visual Studio Solution File, Format Version 12.00
# Visual Studio 15
VisualStudioVersion = 15.0.27924.0
MinimumVisualStudioVersion = 10.0.40219.1
Project("{FAE04EC0-301F-11D3-BF4B-00C04F79EFBC}") = "Uno.UI.Toolkit.SL", "Uno.UI.Toolkit.SL\Uno.UI.Toolkit.SL.csproj", "{12A94A06-B093-4A1F-9F55-4AFF703D1AE6}"
EndProject
Global
	GlobalSection(SolutionConfigurationPlatforms) = preSolution
		Debug|Any CPU = Debug|Any CPU
		Release|Any CPU = Release|Any CPU
	EndGlobalSection
	GlobalSection(ProjectConfigurationPlatforms) = postSolution
		{12A94A06-B093-4A1F-9F55-4AFF703D1AE6}.Debug|Any CPU.ActiveCfg = Debug|Any CPU
		{12A94A06-B093-4A1F-9F55-4AFF703D1AE6}.Debug|Any CPU.Build.0 = Debug|Any CPU
		{12A94A06-B093-4A1F-9F55-4AFF703D1AE6}.Release|Any CPU.ActiveCfg = Release|Any CPU
		{12A94A06-B093-4A1F-9F55-4AFF703D1AE6}.Release|Any CPU.Build.0 = Release|Any CPU
	EndGlobalSection
	GlobalSection(SolutionProperties) = preSolution
		HideSolutionNode = FALSE
	EndGlobalSection
	GlobalSection(ExtensibilityGlobals) = postSolution
		SolutionGuid = {37EA215F-5C4C-498C-B023-989390945090}
	EndGlobalSection
EndGlobal
